
Microsoft Visual Studio Solution File, Format Version 12.00
# Visual Studio Version 17
VisualStudioVersion = 17.8.34525.116
MinimumVisualStudioVersion = 10.0.40219.1
Project("{FAE04EC0-301F-11D3-BF4B-00C04F79EFBC}") = "databases2", "databases2\databases2.csproj", "{69563FF0-EAE6-4507-9CD1-FE497DA6811E}"
EndProject
Global
	GlobalSection(SolutionConfigurationPlatforms) = preSolution
		Debug|Any CPU = Debug|Any CPU
		Release|Any CPU = Release|Any CPU
	EndGlobalSection
	GlobalSection(ProjectConfigurationPlatforms) = postSolution
		{69563FF0-EAE6-4507-9CD1-FE497DA6811E}.Debug|Any CPU.ActiveCfg = Debug|Any CPU
		{69563FF0-EAE6-4507-9CD1-FE497DA6811E}.Debug|Any CPU.Build.0 = Debug|Any CPU
		{69563FF0-EAE6-4507-9CD1-FE497DA6811E}.Release|Any CPU.ActiveCfg = Release|Any CPU
		{69563FF0-EAE6-4507-9CD1-FE497DA6811E}.Release|Any CPU.Build.0 = Release|Any CPU
	EndGlobalSection
	GlobalSection(SolutionProperties) = preSolution
		HideSolutionNode = FALSE
	EndGlobalSection
	GlobalSection(ExtensibilityGlobals) = postSolution
		SolutionGuid = {AB7EB7D3-6454-42DE-8F3B-8B59DB44BFE0}
	EndGlobalSection
EndGlobal
